# This file is automatically @generated by Cargo.
# It is not intended for manual editing.
[[package]]
name = "anondb"
version = "0.1.0"
dependencies = [
 "rio_api 0.3.1 (registry+https://github.com/rust-lang/crates.io-index)",
 "rio_turtle 0.3.0 (registry+https://github.com/rust-lang/crates.io-index)",
 "rio_xml 0.3.0 (registry+https://github.com/rust-lang/crates.io-index)",
]

[[package]]
name = "memchr"
version = "2.2.1"
source = "registry+https://github.com/rust-lang/crates.io-index"

[[package]]
name = "quick-xml"
version = "0.16.1"
source = "registry+https://github.com/rust-lang/crates.io-index"
dependencies = [
 "memchr 2.2.1 (registry+https://github.com/rust-lang/crates.io-index)",
]

[[package]]
name = "rio_api"
version = "0.3.1"
source = "registry+https://github.com/rust-lang/crates.io-index"

[[package]]
name = "rio_turtle"
version = "0.3.0"
source = "registry+https://github.com/rust-lang/crates.io-index"
dependencies = [
 "rio_api 0.3.1 (registry+https://github.com/rust-lang/crates.io-index)",
]

[[package]]
name = "rio_xml"
version = "0.3.0"
source = "registry+https://github.com/rust-lang/crates.io-index"
dependencies = [
 "quick-xml 0.16.1 (registry+https://github.com/rust-lang/crates.io-index)",
 "rio_api 0.3.1 (registry+https://github.com/rust-lang/crates.io-index)",
]

[metadata]
"checksum memchr 2.2.1 (registry+https://github.com/rust-lang/crates.io-index)" = "88579771288728879b57485cc7d6b07d648c9f0141eb955f8ab7f9d45394468e"
"checksum quick-xml 0.16.1 (registry+https://github.com/rust-lang/crates.io-index)" = "1cd45021132c1cb5540995e93fcc2cf5a874ef84f9639168fb6819caa023d4be"
"checksum rio_api 0.3.1 (registry+https://github.com/rust-lang/crates.io-index)" = "071b3a4f1c0a94ee7ea671bbc9df3232672520de4310e79b0580c436d0f02b64"
"checksum rio_turtle 0.3.0 (registry+https://github.com/rust-lang/crates.io-index)" = "d6c8c9b488a99a001a287b49eb9373a70d258490f3b34b8519fe2a37f5043436"
"checksum rio_xml 0.3.0 (registry+https://github.com/rust-lang/crates.io-index)" = "cb4a36d85be78fd6bdcca49f510056f59719d53209487ff25159f0ce5678a9f2"
